
Microsoft Visual Studio Solution File, Format Version 12.00
# Visual Studio Version 16
VisualStudioVersion = 16.0.31624.102
MinimumVisualStudioVersion = 10.0.40219.1
Project("{FAE04EC0-301F-11D3-BF4B-00C04F79EFBC}") = "DevChallenge2ibi", "DevChallenge2ibi.csproj", "{49B8EB0C-5671-4FEC-816A-AF2994784EA6}"
EndProject
Global
	GlobalSection(SolutionConfigurationPlatforms) = preSolution
		Debug|Any CPU = Debug|Any CPU
		Release|Any CPU = Release|Any CPU
	EndGlobalSection
	GlobalSection(ProjectConfigurationPlatforms) = postSolution
		{49B8EB0C-5671-4FEC-816A-AF2994784EA6}.Debug|Any CPU.ActiveCfg = Debug|Any CPU
		{49B8EB0C-5671-4FEC-816A-AF2994784EA6}.Debug|Any CPU.Build.0 = Debug|Any CPU
		{49B8EB0C-5671-4FEC-816A-AF2994784EA6}.Release|Any CPU.ActiveCfg = Release|Any CPU
		{49B8EB0C-5671-4FEC-816A-AF2994784EA6}.Release|Any CPU.Build.0 = Release|Any CPU
	EndGlobalSection
	GlobalSection(SolutionProperties) = preSolution
		HideSolutionNode = FALSE
	EndGlobalSection
	GlobalSection(ExtensibilityGlobals) = postSolution
		SolutionGuid = {471ADB6B-63CD-4213-96F2-2F40C64140FE}
	EndGlobalSection
EndGlobal
